{
  "requires": true,
  "lockfileVersion": 1,
  "dependencies": {
    "@types/node": {
      "version": "14.14.40",
      "resolved": "https://registry.npmjs.org/@types/node/-/node-14.14.40.tgz",
      "integrity": "sha512-2HoZZGylcnz19ZSbvWhgWHqvprw1ZGHanxIrDWYykPD4CauLW4gcyLzCVfUN2kv/1t1F3CurQIdi+s1l9+XgEA=="
    }
  }
}
